Microsoft Visual Studio Solution File, Format Version 12.00
# Visual Studio Version 16
VisualStudioVersion = 16.0.30128.74
MinimumVisualStudioVersion = 10.0.40219.1
Project("{2150E333-8FDC-42A3-9474-1A3956D46DE8}") = "assets", "assets", "{453A566F-E4D5-4D12-A5A7-67D02B4330FD}"
	ProjectSection(SolutionItems) = preProject
		.editorconfig = .editorconfig
		.gitattributes = .gitattributes
		.gitignore = .gitignore
		build.fsx = build.fsx
		docker-compose.yml = docker-compose.yml
		.config\dotnet-tools.json = .config\dotnet-tools.json
		global.json = global.json
		LICENSE = LICENSE
		package.json = package.json
		paket.dependencies = paket.dependencies
		README.md = README.md
		SEMVER.md = SEMVER.md
	EndProjectSection
EndProject
Project("{2150E333-8FDC-42A3-9474-1A3956D46DE8}") = "adr", "adr", "{2530FFF7-0356-4151-9212-F11E18FFB694}"
	ProjectSection(SolutionItems) = preProject
		docs\adr\0001-record-architecture-decisions.md = docs\adr\0001-record-architecture-decisions.md
	EndProjectSection
EndProject
Project("{2150E333-8FDC-42A3-9474-1A3956D46DE8}") = "src", "src", "{40C96AFD-C191-4A56-B7D0-540C1EB501BC}"
EndProject
Project("{9A19103F-16F7-4668-BE54-9A1E7A4F7556}") = "FunctionalLiving", "src\FunctionalLiving\FunctionalLiving.csproj", "{03AED59C-4D29-465E-99B8-A44F076C1443}"
EndProject
Project("{2150E333-8FDC-42A3-9474-1A3956D46DE8}") = "test", "test", "{9B81B90F-47EA-43A5-8927-C0EAB2273BB6}"
EndProject
Project("{9A19103F-16F7-4668-BE54-9A1E7A4F7556}") = "FunctionalLiving.Tests", "test\FunctionalLiving.Tests\FunctionalLiving.Tests.csproj", "{F2D21D44-C462-4332-B93B-89CE8540334A}"
EndProject
Project("{9A19103F-16F7-4668-BE54-9A1E7A4F7556}") = "FunctionalLiving.Api", "src\FunctionalLiving.Api\FunctionalLiving.Api.csproj", "{B569C6D4-5A45-44B1-8362-C0500FB7F818}"
EndProject
Project("{2150E333-8FDC-42A3-9474-1A3956D46DE8}") = "knx", "knx", "{39D0DA3B-D05A-48B9-B65B-895969311DA2}"
EndProject
Project("{9A19103F-16F7-4668-BE54-9A1E7A4F7556}") = "FunctionalLiving.Knx.Listener", "src\FunctionalLiving.Knx.Listener\FunctionalLiving.Knx.Listener.csproj", "{2357A724-5340-4CBB-B380-04CA69285E6A}"
EndProject
Project("{9A19103F-16F7-4668-BE54-9A1E7A4F7556}") = "FunctionalLiving.Knx", "src\FunctionalLiving.Knx\FunctionalLiving.Knx.csproj", "{9248E3D0-1DAC-4DF4-9DA8-B3FF2332784C}"
EndProject
Project("{9A19103F-16F7-4668-BE54-9A1E7A4F7556}") = "FunctionalLiving.Knx.Tests", "test\FunctionalLiving.Knx.Tests\FunctionalLiving.Knx.Tests.csproj", "{8413285F-FB1F-4526-9A9C-9FFEDF4E26E5}"
EndProject
Project("{6EC3EE1D-3C4E-46DD-8F32-0CC8E7565705}") = "FunctionalLiving.Knx.Parser", "src\FunctionalLiving.Knx.Parser\FunctionalLiving.Knx.Parser.fsproj", "{2D00492D-66C0-4BB2-BC4E-C8FEEA3F8450}"
EndProject
Project("{6EC3EE1D-3C4E-46DD-8F32-0CC8E7565705}") = "FunctionalLiving.Knx.Parser.Tests", "test\FunctionalLiving.Knx.Parser.Tests\FunctionalLiving.Knx.Parser.Tests.fsproj", "{7B3F145C-CC14-4025-9EA0-12D5E6F7527A}"
EndProject
Global
	GlobalSection(SolutionConfigurationPlatforms) = preSolution
		Debug|Any CPU = Debug|Any CPU
		Release|Any CPU = Release|Any CPU
	EndGlobalSection
	GlobalSection(ProjectConfigurationPlatforms) = postSolution
		{03AED59C-4D29-465E-99B8-A44F076C1443}.Debug|Any CPU.ActiveCfg = Debug|Any CPU
		{03AED59C-4D29-465E-99B8-A44F076C1443}.Debug|Any CPU.Build.0 = Debug|Any CPU
		{03AED59C-4D29-465E-99B8-A44F076C1443}.Release|Any CPU.ActiveCfg = Release|Any CPU
		{03AED59C-4D29-465E-99B8-A44F076C1443}.Release|Any CPU.Build.0 = Release|Any CPU
		{F2D21D44-C462-4332-B93B-89CE8540334A}.Debug|Any CPU.ActiveCfg = Debug|Any CPU
		{F2D21D44-C462-4332-B93B-89CE8540334A}.Debug|Any CPU.Build.0 = Debug|Any CPU
		{F2D21D44-C462-4332-B93B-89CE8540334A}.Release|Any CPU.ActiveCfg = Release|Any CPU
		{F2D21D44-C462-4332-B93B-89CE8540334A}.Release|Any CPU.Build.0 = Release|Any CPU
		{B569C6D4-5A45-44B1-8362-C0500FB7F818}.Debug|Any CPU.ActiveCfg = Debug|Any CPU
		{B569C6D4-5A45-44B1-8362-C0500FB7F818}.Debug|Any CPU.Build.0 = Debug|Any CPU
		{B569C6D4-5A45-44B1-8362-C0500FB7F818}.Release|Any CPU.ActiveCfg = Release|Any CPU
		{B569C6D4-5A45-44B1-8362-C0500FB7F818}.Release|Any CPU.Build.0 = Release|Any CPU
		{2357A724-5340-4CBB-B380-04CA69285E6A}.Debug|Any CPU.ActiveCfg = Debug|Any CPU
		{2357A724-5340-4CBB-B380-04CA69285E6A}.Debug|Any CPU.Build.0 = Debug|Any CPU
		{2357A724-5340-4CBB-B380-04CA69285E6A}.Release|Any CPU.ActiveCfg = Release|Any CPU
		{2357A724-5340-4CBB-B380-04CA69285E6A}.Release|Any CPU.Build.0 = Release|Any CPU
		{9248E3D0-1DAC-4DF4-9DA8-B3FF2332784C}.Debug|Any CPU.ActiveCfg = Debug|Any CPU
		{9248E3D0-1DAC-4DF4-9DA8-B3FF2332784C}.Debug|Any CPU.Build.0 = Debug|Any CPU
		{9248E3D0-1DAC-4DF4-9DA8-B3FF2332784C}.Release|Any CPU.ActiveCfg = Release|Any CPU
		{9248E3D0-1DAC-4DF4-9DA8-B3FF2332784C}.Release|Any CPU.Build.0 = Release|Any CPU
		{8413285F-FB1F-4526-9A9C-9FFEDF4E26E5}.Debug|Any CPU.ActiveCfg = Debug|Any CPU
		{8413285F-FB1F-4526-9A9C-9FFEDF4E26E5}.Debug|Any CPU.Build.0 = Debug|Any CPU
		{8413285F-FB1F-4526-9A9C-9FFEDF4E26E5}.Release|Any CPU.ActiveCfg = Release|Any CPU
		{8413285F-FB1F-4526-9A9C-9FFEDF4E26E5}.Release|Any CPU.Build.0 = Release|Any CPU
		{2D00492D-66C0-4BB2-BC4E-C8FEEA3F8450}.Debug|Any CPU.ActiveCfg = Debug|Any CPU
		{2D00492D-66C0-4BB2-BC4E-C8FEEA3F8450}.Debug|Any CPU.Build.0 = Debug|Any CPU
		{2D00492D-66C0-4BB2-BC4E-C8FEEA3F8450}.Release|Any CPU.ActiveCfg = Release|Any CPU
		{2D00492D-66C0-4BB2-BC4E-C8FEEA3F8450}.Release|Any CPU.Build.0 = Release|Any CPU
		{7B3F145C-CC14-4025-9EA0-12D5E6F7527A}.Debug|Any CPU.ActiveCfg = Debug|Any CPU
		{7B3F145C-CC14-4025-9EA0-12D5E6F7527A}.Debug|Any CPU.Build.0 = Debug|Any CPU
		{7B3F145C-CC14-4025-9EA0-12D5E6F7527A}.Release|Any CPU.ActiveCfg = Release|Any CPU
		{7B3F145C-CC14-4025-9EA0-12D5E6F7527A}.Release|Any CPU.Build.0 = Release|Any CPU
	EndGlobalSection
	GlobalSection(SolutionProperties) = preSolution
		HideSolutionNode = FALSE
	EndGlobalSection
	GlobalSection(NestedProjects) = preSolution
		{03AED59C-4D29-465E-99B8-A44F076C1443} = {40C96AFD-C191-4A56-B7D0-540C1EB501BC}
		{F2D21D44-C462-4332-B93B-89CE8540334A} = {9B81B90F-47EA-43A5-8927-C0EAB2273BB6}
		{B569C6D4-5A45-44B1-8362-C0500FB7F818} = {40C96AFD-C191-4A56-B7D0-540C1EB501BC}
		{2357A724-5340-4CBB-B380-04CA69285E6A} = {39D0DA3B-D05A-48B9-B65B-895969311DA2}
		{9248E3D0-1DAC-4DF4-9DA8-B3FF2332784C} = {39D0DA3B-D05A-48B9-B65B-895969311DA2}
		{8413285F-FB1F-4526-9A9C-9FFEDF4E26E5} = {39D0DA3B-D05A-48B9-B65B-895969311DA2}
		{2D00492D-66C0-4BB2-BC4E-C8FEEA3F8450} = {39D0DA3B-D05A-48B9-B65B-895969311DA2}
		{7B3F145C-CC14-4025-9EA0-12D5E6F7527A} = {39D0DA3B-D05A-48B9-B65B-895969311DA2}
	EndGlobalSection
	GlobalSection(ExtensibilityGlobals) = postSolution
		SolutionGuid = {2EB87445-E263-4E1E-89CC-3839170028E5}
	EndGlobalSection
EndGlobal
